
Microsoft Visual Studio Solution File, Format Version 12.00
# Visual Studio Version 16
VisualStudioVersion = 16.0.30114.105
MinimumVisualStudioVersion = 10.0.40219.1
Project("{FAE04EC0-301F-11D3-BF4B-00C04F79EFBC}") = "PasswordManager.Web", "PasswordManager.Web\PasswordManager.Web.csproj", "{DBEDBA78-5714-4F5E-964B-C4A60E39A957}"
EndProject
Project("{FAE04EC0-301F-11D3-BF4B-00C04F79EFBC}") = "PasswordManager.Test", "PasswordManager.Test\PasswordManager.Test.csproj", "{B1B27D00-1419-4654-ACDA-6E29276E87A6}"
EndProject
Global
	GlobalSection(SolutionConfigurationPlatforms) = preSolution
		Debug|Any CPU = Debug|Any CPU
		Release|Any CPU = Release|Any CPU
	EndGlobalSection
	GlobalSection(SolutionProperties) = preSolution
		HideSolutionNode = FALSE
	EndGlobalSection
	GlobalSection(ProjectConfigurationPlatforms) = postSolution
		{DBEDBA78-5714-4F5E-964B-C4A60E39A957}.Debug|Any CPU.ActiveCfg = Debug|Any CPU
		{DBEDBA78-5714-4F5E-964B-C4A60E39A957}.Debug|Any CPU.Build.0 = Debug|Any CPU
		{DBEDBA78-5714-4F5E-964B-C4A60E39A957}.Release|Any CPU.ActiveCfg = Release|Any CPU
		{DBEDBA78-5714-4F5E-964B-C4A60E39A957}.Release|Any CPU.Build.0 = Release|Any CPU
		{B1B27D00-1419-4654-ACDA-6E29276E87A6}.Debug|Any CPU.ActiveCfg = Debug|Any CPU
		{B1B27D00-1419-4654-ACDA-6E29276E87A6}.Debug|Any CPU.Build.0 = Debug|Any CPU
		{B1B27D00-1419-4654-ACDA-6E29276E87A6}.Release|Any CPU.ActiveCfg = Release|Any CPU
		{B1B27D00-1419-4654-ACDA-6E29276E87A6}.Release|Any CPU.Build.0 = Release|Any CPU
	EndGlobalSection
EndGlobal
